
Microsoft Visual Studio Solution File, Format Version 12.00
# Visual Studio 15
VisualStudioVersion = 15.0.28010.2019
MinimumVisualStudioVersion = 10.0.40219.1
Project("{8BC9CEB8-8B4A-11D0-8D11-00A0C91BC942}") = "Practice", "Practice\Practice.vcxproj", "{C5547056-B2C8-463A-A424-088DF0A8358C}"
EndProject
Project("{8BC9CEB8-8B4A-11D0-8D11-00A0C91BC942}") = "printable CBN assignments", "printable CBN assignments\printable CBN assignments.vcxproj", "{A86CD7F5-D62A-4EE6-9998-F43F817596F1}"
EndProject
Project("{8BC9CEB8-8B4A-11D0-8D11-00A0C91BC942}") = "CBN", "CBN\CBN.vcxproj", "{4EADE57C-ABEF-4F89-A1F1-3E6686A13834}"
EndProject
Global
	GlobalSection(SolutionConfigurationPlatforms) = preSolution
		Debug|x64 = Debug|x64
		Debug|x86 = Debug|x86
		Release|x64 = Release|x64
		Release|x86 = Release|x86
	EndGlobalSection
	GlobalSection(ProjectConfigurationPlatforms) = postSolution
		{C5547056-B2C8-463A-A424-088DF0A8358C}.Debug|x64.ActiveCfg = Debug|x64
		{C5547056-B2C8-463A-A424-088DF0A8358C}.Debug|x64.Build.0 = Debug|x64
		{C5547056-B2C8-463A-A424-088DF0A8358C}.Debug|x86.ActiveCfg = Debug|Win32
		{C5547056-B2C8-463A-A424-088DF0A8358C}.Debug|x86.Build.0 = Debug|Win32
		{C5547056-B2C8-463A-A424-088DF0A8358C}.Release|x64.ActiveCfg = Release|x64
		{C5547056-B2C8-463A-A424-088DF0A8358C}.Release|x64.Build.0 = Release|x64
		{C5547056-B2C8-463A-A424-088DF0A8358C}.Release|x86.ActiveCfg = Release|Win32
		{C5547056-B2C8-463A-A424-088DF0A8358C}.Release|x86.Build.0 = Release|Win32
		{A86CD7F5-D62A-4EE6-9998-F43F817596F1}.Debug|x64.ActiveCfg = Debug|x64
		{A86CD7F5-D62A-4EE6-9998-F43F817596F1}.Debug|x64.Build.0 = Debug|x64
		{A86CD7F5-D62A-4EE6-9998-F43F817596F1}.Debug|x86.ActiveCfg = Debug|Win32
		{A86CD7F5-D62A-4EE6-9998-F43F817596F1}.Debug|x86.Build.0 = Debug|Win32
		{A86CD7F5-D62A-4EE6-9998-F43F817596F1}.Release|x64.ActiveCfg = Release|x64
		{A86CD7F5-D62A-4EE6-9998-F43F817596F1}.Release|x64.Build.0 = Release|x64
		{A86CD7F5-D62A-4EE6-9998-F43F817596F1}.Release|x86.ActiveCfg = Release|Win32
		{A86CD7F5-D62A-4EE6-9998-F43F817596F1}.Release|x86.Build.0 = Release|Win32
		{4EADE57C-ABEF-4F89-A1F1-3E6686A13834}.Debug|x64.ActiveCfg = Debug|x64
		{4EADE57C-ABEF-4F89-A1F1-3E6686A13834}.Debug|x64.Build.0 = Debug|x64
		{4EADE57C-ABEF-4F89-A1F1-3E6686A13834}.Debug|x86.ActiveCfg = Debug|Win32
		{4EADE57C-ABEF-4F89-A1F1-3E6686A13834}.Debug|x86.Build.0 = Debug|Win32
		{4EADE57C-ABEF-4F89-A1F1-3E6686A13834}.Release|x64.ActiveCfg = Release|x64
		{4EADE57C-ABEF-4F89-A1F1-3E6686A13834}.Release|x64.Build.0 = Release|x64
		{4EADE57C-ABEF-4F89-A1F1-3E6686A13834}.Release|x86.ActiveCfg = Release|Win32
		{4EADE57C-ABEF-4F89-A1F1-3E6686A13834}.Release|x86.Build.0 = Release|Win32
	EndGlobalSection
	GlobalSection(SolutionProperties) = preSolution
		HideSolutionNode = FALSE
	EndGlobalSection
	GlobalSection(ExtensibilityGlobals) = postSolution
		SolutionGuid = {5E768A3A-389A-404D-B432-FAAE853D50D6}
	EndGlobalSection
EndGlobal
